// !$*UTF8*$!
{
	archiveVersion = 1;
	classes = {
	};
	objectVersion = 56;
	objects = {

/* Begin PBXBuildFile section */
		6BC0219D29210B6A005780AF /* ArticleTest.swift in Sources */ = {isa = PBXBuildFile; fileRef = 6BC0219C29210B6A005780AF /* ArticleTest.swift */; };
		6BC0219F29239C96005780AF /* NewsPageUITest.swift in Sources */ = {isa = PBXBuildFile; fileRef = 6BC0219E29239C96005780AF /* NewsPageUITest.swift */; };
		6BC021A12923A32C005780AF /* ArticleDetailsPageUITest.swift in Sources */ = {isa = PBXBuildFile; fileRef = 6BC021A02923A32C005780AF /* ArticleDetailsPageUITest.swift */; };
		6BEFB2A8291D794800B50F1E /* AppDelegate.swift in Sources */ = {isa = PBXBuildFile; fileRef = 6BEFB2A7291D794800B50F1E /* AppDelegate.swift */; };
		6BEFB2AA291D794800B50F1E /* SceneDelegate.swift in Sources */ = {isa = PBXBuildFile; fileRef = 6BEFB2A9291D794800B50F1E /* SceneDelegate.swift */; };
		6BEFB2B1291D794900B50F1E /* Assets.xcassets in Resources */ = {isa = PBXBuildFile; fileRef = 6BEFB2B0291D794900B50F1E /* Assets.xcassets */; };
		6BEFB2B4291D794900B50F1E /* LaunchScreen.storyboard in Resources */ = {isa = PBXBuildFile; fileRef = 6BEFB2B2291D794900B50F1E /* LaunchScreen.storyboard */; };
		F3D890F67C1D814F1B4ED550 /* ArticlesRestApiMock.swift in Sources */ = {isa = PBXBuildFile; fileRef = F3D89B3FC15904F69D6BC9E0 /* ArticlesRestApiMock.swift */; };
		F3D8919C9F282CAF622C5C25 /* SortBy.swift in Sources */ = {isa = PBXBuildFile; fileRef = F3D890EB18A0CE1A9F737A1A /* SortBy.swift */; };
		F3D8919E41E78EEF5183315C /* ArticlesListDelegate.swift in Sources */ = {isa = PBXBuildFile; fileRef = F3D89ADEA9C94676DC178711 /* ArticlesListDelegate.swift */; };
		F3D8924748DBB3C47177ECBD /* Config.swift in Sources */ = {isa = PBXBuildFile; fileRef = F3D896EFF2887C5B77AC753E /* Config.swift */; };
		F3D8928DC34FCA16C558CA92 /* SortBy.swift in Sources */ = {isa = PBXBuildFile; fileRef = F3D890EB18A0CE1A9F737A1A /* SortBy.swift */; };
		F3D892BE9A85D13F1199C7D7 /* ImageExtension.swift in Sources */ = {isa = PBXBuildFile; fileRef = F3D8970830FD3F6FA3F50946 /* ImageExtension.swift */; };
		F3D892C16C24DA0B352FBFFE /* Source.swift in Sources */ = {isa = PBXBuildFile; fileRef = F3D89A570EF7942459274302 /* Source.swift */; };
		F3D892FCE0C58430CD33B5FC /* ArticlesRestApiMock.swift in Sources */ = {isa = PBXBuildFile; fileRef = F3D89B3FC15904F69D6BC9E0 /* ArticlesRestApiMock.swift */; };
		F3D8931A9D1E92EBE8C79A17 /* Source.swift in Sources */ = {isa = PBXBuildFile; fileRef = F3D89A570EF7942459274302 /* Source.swift */; };
		F3D89399983CC0C7BDFB298C /* Result.swift in Sources */ = {isa = PBXBuildFile; fileRef = F3D89C8AC4D64C705BC6D16C /* Result.swift */; };
		F3D893DF4D9363771141947A /* ArticlesListDelegate.swift in Sources */ = {isa = PBXBuildFile; fileRef = F3D89ADEA9C94676DC178711 /* ArticlesListDelegate.swift */; };
		F3D8940B63E565B64F1EB6FE /* ImageExtension.swift in Sources */ = {isa = PBXBuildFile; fileRef = F3D8970830FD3F6FA3F50946 /* ImageExtension.swift */; };
		F3D8943AF48136198E21F4F3 /* NewsPageController.swift in Sources */ = {isa = PBXBuildFile; fileRef = F3D89269F97529691800201E /* NewsPageController.swift */; };
		F3D8947F36C1F62DB2F13747 /* NewsPageController.swift in Sources */ = {isa = PBXBuildFile; fileRef = F3D89269F97529691800201E /* NewsPageController.swift */; };
		F3D894E204B8B8FF34CC6661 /* ArticlesRestApi.swift in Sources */ = {isa = PBXBuildFile; fileRef = F3D89DA6BDC03366EE439128 /* ArticlesRestApi.swift */; };
		F3D895F4874C4ACB4AC912D3 /* ImageExtension.swift in Sources */ = {isa = PBXBuildFile; fileRef = F3D8970830FD3F6FA3F50946 /* ImageExtension.swift */; };
		F3D896D124468E3157D10A2E /* ArticlesListDelegate.swift in Sources */ = {isa = PBXBuildFile; fileRef = F3D89ADEA9C94676DC178711 /* ArticlesListDelegate.swift */; };
		F3D897229B332CC56B185038 /* ArticlesRestApiInterface.swift in Sources */ = {isa = PBXBuildFile; fileRef = F3D89AF8BF3F7F47DF9F2B5B /* ArticlesRestApiInterface.swift */; };
		F3D89724BBB246EDFC2284DC /* SortByModal.swift in Sources */ = {isa = PBXBuildFile; fileRef = F3D8972B19004314D39C633C /* SortByModal.swift */; };
		F3D8975EF13B5766DDB8585D /* ArticlesListViewModel.swift in Sources */ = {isa = PBXBuildFile; fileRef = F3D89081C03E55D8DB743D8A /* ArticlesListViewModel.swift */; };
		F3D897644C46CD2A7835AD60 /* ArticlesRestApi.swift in Sources */ = {isa = PBXBuildFile; fileRef = F3D89DA6BDC03366EE439128 /* ArticlesRestApi.swift */; };
		F3D897CFE847401A60D05611 /* SortBy.swift in Sources */ = {isa = PBXBuildFile; fileRef = F3D890EB18A0CE1A9F737A1A /* SortBy.swift */; };
		F3D8989EC45E120AB9C7C59E /* ArticlesListViewModel.swift in Sources */ = {isa = PBXBuildFile; fileRef = F3D89081C03E55D8DB743D8A /* ArticlesListViewModel.swift */; };
		F3D898C0895659815ABC66BC /* Result.swift in Sources */ = {isa = PBXBuildFile; fileRef = F3D89C8AC4D64C705BC6D16C /* Result.swift */; };
		F3D898C63BA137AF3A350039 /* ArticlesRestApiInterface.swift in Sources */ = {isa = PBXBuildFile; fileRef = F3D89AF8BF3F7F47DF9F2B5B /* ArticlesRestApiInterface.swift */; };
		F3D898D38CC16BFF75479DEB /* ArticlesListViewModelTest.swift in Sources */ = {isa = PBXBuildFile; fileRef = F3D8936ED0EA37D591A1EA3C /* ArticlesListViewModelTest.swift */; };
		F3D898EB88DD32BB9EE67177 /* ArticlesRestApiMock.swift in Sources */ = {isa = PBXBuildFile; fileRef = F3D89B3FC15904F69D6BC9E0 /* ArticlesRestApiMock.swift */; };
		F3D898EDF7C6CBFD4B1A3036 /* ArticleDetailPageController.swift in Sources */ = {isa = PBXBuildFile; fileRef = F3D89119C77B2CABDF1859B1 /* ArticleDetailPageController.swift */; };
		F3D8990BA54D715774AB5D9C /* ArticleTile.swift in Sources */ = {isa = PBXBuildFile; fileRef = F3D89142C07513D09FAC81CC /* ArticleTile.swift */; };
		F3D89934D8E63F1EA6E1F2AB /* ArticleTile.swift in Sources */ = {isa = PBXBuildFile; fileRef = F3D89142C07513D09FAC81CC /* ArticleTile.swift */; };
		F3D89959A2AA2FCF73CBEF7E /* Config.swift in Sources */ = {isa = PBXBuildFile; fileRef = F3D896EFF2887C5B77AC753E /* Config.swift */; };
		F3D89A192A5FE04368FDA014 /* Article.swift in Sources */ = {isa = PBXBuildFile; fileRef = F3D895AB8257769445D194EC /* Article.swift */; };
		F3D89A2438C603F7B0787D57 /* ArticlesListDataSource.swift in Sources */ = {isa = PBXBuildFile; fileRef = F3D89622C12B75728DEC4E85 /* ArticlesListDataSource.swift */; };
		F3D89A51F3EBED8CBA60B017 /* NewsPageController.swift in Sources */ = {isa = PBXBuildFile; fileRef = F3D89269F97529691800201E /* NewsPageController.swift */; };
		F3D89A590999F602B8F4BBE5 /* Article.swift in Sources */ = {isa = PBXBuildFile; fileRef = F3D895AB8257769445D194EC /* Article.swift */; };
		F3D89A85A3F6B1DAB32ADADB /* ArticlesRestApi.swift in Sources */ = {isa = PBXBuildFile; fileRef = F3D89DA6BDC03366EE439128 /* ArticlesRestApi.swift */; };
		F3D89A92695CB5685D399DA0 /* ArticlesListDataSource.swift in Sources */ = {isa = PBXBuildFile; fileRef = F3D89622C12B75728DEC4E85 /* ArticlesListDataSource.swift */; };
		F3D89AD72905EC3E0C4A62DC /* SortByModal.swift in Sources */ = {isa = PBXBuildFile; fileRef = F3D8972B19004314D39C633C /* SortByModal.swift */; };
		F3D89B81C57F0723951D66DA /* ArticlesListViewModel.swift in Sources */ = {isa = PBXBuildFile; fileRef = F3D89081C03E55D8DB743D8A /* ArticlesListViewModel.swift */; };
		F3D89C62E7F45C70F0B8AC6D /* ArticlesListDataSource.swift in Sources */ = {isa = PBXBuildFile; fileRef = F3D89622C12B75728DEC4E85 /* ArticlesListDataSource.swift */; };
		F3D89C8C3DF8EA0EBB208B69 /* ArticleTile.swift in Sources */ = {isa = PBXBuildFile; fileRef = F3D89142C07513D09FAC81CC /* ArticleTile.swift */; };
		F3D89CDEF4B359D736A0772B /* SortByModal.swift in Sources */ = {isa = PBXBuildFile; fileRef = F3D8972B19004314D39C633C /* SortByModal.swift */; };
		F3D89CFD44678DFCFE87A422 /* ArticleDetailPageController.swift in Sources */ = {isa = PBXBuildFile; fileRef = F3D89119C77B2CABDF1859B1 /* ArticleDetailPageController.swift */; };
		F3D89D0E45042D709368CD8F /* Article.swift in Sources */ = {isa = PBXBuildFile; fileRef = F3D895AB8257769445D194EC /* Article.swift */; };
		F3D89DBF48452CEF5E9C7C11 /* ArticleDetailPageController.swift in Sources */ = {isa = PBXBuildFile; fileRef = F3D89119C77B2CABDF1859B1 /* ArticleDetailPageController.swift */; };
		F3D89EEFBB890FDE594C2468 /* ArticlesRestApiInterface.swift in Sources */ = {isa = PBXBuildFile; fileRef = F3D89AF8BF3F7F47DF9F2B5B /* ArticlesRestApiInterface.swift */; };
		F3D89F38F29BC36637A95713 /* Config.swift in Sources */ = {isa = PBXBuildFile; fileRef = F3D896EFF2887C5B77AC753E /* Config.swift */; };
		F3D89F79B31A775EE1053D76 /* Result.swift in Sources */ = {isa = PBXBuildFile; fileRef = F3D89C8AC4D64C705BC6D16C /* Result.swift */; };
		F3D89FB5A97713154CE33EF1 /* Source.swift in Sources */ = {isa = PBXBuildFile; fileRef = F3D89A570EF7942459274302 /* Source.swift */; };
/* End PBXBuildFile section */

/* Begin PBXContainerItemProxy section */
		6BEFB2BB291D794900B50F1E /* PBXContainerItemProxy */ = {
			isa = PBXContainerItemProxy;
			containerPortal = 6BEFB29C291D794800B50F1E /* Project object */;
			proxyType = 1;
			remoteGlobalIDString = 6BEFB2A3291D794800B50F1E;
			remoteInfo = instant_news;
		};
		6BEFB2C5291D794900B50F1E /* PBXContainerItemProxy */ = {
			isa = PBXContainerItemProxy;
			containerPortal = 6BEFB29C291D794800B50F1E /* Project object */;
			proxyType = 1;
			remoteGlobalIDString = 6BEFB2A3291D794800B50F1E;
			remoteInfo = instant_news;
		};
/* End PBXContainerItemProxy section */

/* Begin PBXFileReference section */
		6BC0219C29210B6A005780AF /* ArticleTest.swift */ = {isa = PBXFileReference; lastKnownFileType = sourcecode.swift; path = ArticleTest.swift; sourceTree = "<group>"; };
		6BC0219E29239C96005780AF /* NewsPageUITest.swift */ = {isa = PBXFileReference; lastKnownFileType = sourcecode.swift; path = NewsPageUITest.swift; sourceTree = "<group>"; };
		6BC021A02923A32C005780AF /* ArticleDetailsPageUITest.swift */ = {isa = PBXFileReference; lastKnownFileType = sourcecode.swift; path = ArticleDetailsPageUITest.swift; sourceTree = "<group>"; };
		6BEFB2A4291D794800B50F1E /* instant_news.app */ = {isa = PBXFileReference; explicitFileType = wrapper.application; includeInIndex = 0; path = instant_news.app; sourceTree = BUILT_PRODUCTS_DIR; };
		6BEFB2A7291D794800B50F1E /* AppDelegate.swift */ = {isa = PBXFileReference; lastKnownFileType = sourcecode.swift; path = AppDelegate.swift; sourceTree = "<group>"; };
		6BEFB2A9291D794800B50F1E /* SceneDelegate.swift */ = {isa = PBXFileReference; lastKnownFileType = sourcecode.swift; path = SceneDelegate.swift; sourceTree = "<group>"; };
		6BEFB2B0291D794900B50F1E /* Assets.xcassets */ = {isa = PBXFileReference; lastKnownFileType = folder.assetcatalog; path = Assets.xcassets; sourceTree = "<group>"; };
		6BEFB2B3291D794900B50F1E /* Base */ = {isa = PBXFileReference; lastKnownFileType = file.storyboard; name = Base; path = Base.lproj/LaunchScreen.storyboard; sourceTree = "<group>"; };
		6BEFB2B5291D794900B50F1E /* Info.plist */ = {isa = PBXFileReference; lastKnownFileType = text.plist.xml; path = Info.plist; sourceTree = "<group>"; };
		6BEFB2BA291D794900B50F1E /* instant_newsTests.xctest */ = {isa = PBXFileReference; explicitFileType = wrapper.cfbundle; includeInIndex = 0; path = instant_newsTests.xctest; sourceTree = BUILT_PRODUCTS_DIR; };
		6BEFB2C4291D794900B50F1E /* instant_newsUITests.xctest */ = {isa = PBXFileReference; explicitFileType = wrapper.cfbundle; includeInIndex = 0; path = instant_newsUITests.xctest; sourceTree = BUILT_PRODUCTS_DIR; };
		F3D89081C03E55D8DB743D8A /* ArticlesListViewModel.swift */ = {isa = PBXFileReference; fileEncoding = 4; lastKnownFileType = sourcecode.swift; path = ArticlesListViewModel.swift; sourceTree = "<group>"; };
		F3D890EB18A0CE1A9F737A1A /* SortBy.swift */ = {isa = PBXFileReference; fileEncoding = 4; lastKnownFileType = sourcecode.swift; path = SortBy.swift; sourceTree = "<group>"; };
		F3D89119C77B2CABDF1859B1 /* ArticleDetailPageController.swift */ = {isa = PBXFileReference; fileEncoding = 4; lastKnownFileType = sourcecode.swift; path = ArticleDetailPageController.swift; sourceTree = "<group>"; };
		F3D89142C07513D09FAC81CC /* ArticleTile.swift */ = {isa = PBXFileReference; fileEncoding = 4; lastKnownFileType = sourcecode.swift; path = ArticleTile.swift; sourceTree = "<group>"; };
		F3D89269F97529691800201E /* NewsPageController.swift */ = {isa = PBXFileReference; fileEncoding = 4; lastKnownFileType = sourcecode.swift; path = NewsPageController.swift; sourceTree = "<group>"; };
		F3D8936ED0EA37D591A1EA3C /* ArticlesListViewModelTest.swift */ = {isa = PBXFileReference; fileEncoding = 4; lastKnownFileType = sourcecode.swift; path = ArticlesListViewModelTest.swift; sourceTree = "<group>"; };
		F3D8956FCE2E85F050D455D5 /* readme.md */ = {isa = PBXFileReference; fileEncoding = 4; lastKnownFileType = net.daringfireball.markdown; path = readme.md; sourceTree = "<group>"; };
		F3D895AB8257769445D194EC /* Article.swift */ = {isa = PBXFileReference; fileEncoding = 4; lastKnownFileType = sourcecode.swift; path = Article.swift; sourceTree = "<group>"; };
		F3D89622C12B75728DEC4E85 /* ArticlesListDataSource.swift */ = {isa = PBXFileReference; fileEncoding = 4; lastKnownFileType = sourcecode.swift; path = ArticlesListDataSource.swift; sourceTree = "<group>"; };
		F3D896EFF2887C5B77AC753E /* Config.swift */ = {isa = PBXFileReference; fileEncoding = 4; lastKnownFileType = sourcecode.swift; path = Config.swift; sourceTree = "<group>"; };
		F3D8970830FD3F6FA3F50946 /* ImageExtension.swift */ = {isa = PBXFileReference; fileEncoding = 4; lastKnownFileType = sourcecode.swift; path = ImageExtension.swift; sourceTree = "<group>"; };
		F3D8972B19004314D39C633C /* SortByModal.swift */ = {isa = PBXFileReference; fileEncoding = 4; lastKnownFileType = sourcecode.swift; path = SortByModal.swift; sourceTree = "<group>"; };
		F3D89A570EF7942459274302 /* Source.swift */ = {isa = PBXFileReference; fileEncoding = 4; lastKnownFileType = sourcecode.swift; path = Source.swift; sourceTree = "<group>"; };
		F3D89ADEA9C94676DC178711 /* ArticlesListDelegate.swift */ = {isa = PBXFileReference; fileEncoding = 4; lastKnownFileType = sourcecode.swift; path = ArticlesListDelegate.swift; sourceTree = "<group>"; };
		F3D89AF8BF3F7F47DF9F2B5B /* ArticlesRestApiInterface.swift */ = {isa = PBXFileReference; fileEncoding = 4; lastKnownFileType = sourcecode.swift; path = ArticlesRestApiInterface.swift; sourceTree = "<group>"; };
		F3D89B3FC15904F69D6BC9E0 /* ArticlesRestApiMock.swift */ = {isa = PBXFileReference; fileEncoding = 4; lastKnownFileType = sourcecode.swift; path = ArticlesRestApiMock.swift; sourceTree = "<group>"; };
		F3D89C8AC4D64C705BC6D16C /* Result.swift */ = {isa = PBXFileReference; fileEncoding = 4; lastKnownFileType = sourcecode.swift; path = Result.swift; sourceTree = "<group>"; };
		F3D89DA6BDC03366EE439128 /* ArticlesRestApi.swift */ = {isa = PBXFileReference; fileEncoding = 4; lastKnownFileType = sourcecode.swift; path = ArticlesRestApi.swift; sourceTree = "<group>"; };
/* End PBXFileReference section */

/* Begin PBXFrameworksBuildPhase section */
		6BEFB2A1291D794800B50F1E /* Frameworks */ = {
			isa = PBXFrameworksBuildPhase;
			buildActionMask = 2147483647;
			files = (
			);
			runOnlyForDeploymentPostprocessing = 0;
		};
		6BEFB2B7291D794900B50F1E /* Frameworks */ = {
			isa = PBXFrameworksBuildPhase;
			buildActionMask = 2147483647;
			files = (
			);
			runOnlyForDeploymentPostprocessing = 0;
		};
		6BEFB2C1291D794900B50F1E /* Frameworks */ = {
			isa = PBXFrameworksBuildPhase;
			buildActionMask = 2147483647;
			files = (
			);
			runOnlyForDeploymentPostprocessing = 0;
		};
/* End PBXFrameworksBuildPhase section */

/* Begin PBXGroup section */
		6BEFB29B291D794800B50F1E = {
			isa = PBXGroup;
			children = (
				6BEFB2A6291D794800B50F1E /* instant_news */,
				6BEFB2BD291D794900B50F1E /* instant_newsTests */,
				6BEFB2C7291D794900B50F1E /* instant_newsUITests */,
				6BEFB2A5291D794800B50F1E /* Products */,
				F3D8956FCE2E85F050D455D5 /* readme.md */,
			);
			sourceTree = "<group>";
		};
		6BEFB2A5291D794800B50F1E /* Products */ = {
			isa = PBXGroup;
			children = (
				6BEFB2A4291D794800B50F1E /* instant_news.app */,
				6BEFB2BA291D794900B50F1E /* instant_newsTests.xctest */,
				6BEFB2C4291D794900B50F1E /* instant_newsUITests.xctest */,
			);
			name = Products;
			sourceTree = "<group>";
		};
		6BEFB2A6291D794800B50F1E /* instant_news */ = {
			isa = PBXGroup;
			children = (
				6BEFB2DA291D7CC500B50F1E /* Models */,
				6BEFB2D9291D7C9C00B50F1E /* Views */,
				6BEFB2D7291D7C2800B50F1E /* Api */,
				6BEFB2A7291D794800B50F1E /* AppDelegate.swift */,
				6BEFB2A9291D794800B50F1E /* SceneDelegate.swift */,
				6BEFB2B0291D794900B50F1E /* Assets.xcassets */,
				6BEFB2B2291D794900B50F1E /* LaunchScreen.storyboard */,
				6BEFB2B5291D794900B50F1E /* Info.plist */,
				F3D89BF834EEA784833AF3AA /* ViewModels */,
			);
			path = instant_news;
			sourceTree = "<group>";
		};
		6BEFB2BD291D794900B50F1E /* instant_newsTests */ = {
			isa = PBXGroup;
			children = (
				6BC0219C29210B6A005780AF /* ArticleTest.swift */,
				F3D891ECA1222DA089EB467D /* Mocks */,
				F3D8936ED0EA37D591A1EA3C /* ArticlesListViewModelTest.swift */,
			);
			path = instant_newsTests;
			sourceTree = "<group>";
		};
		6BEFB2C7291D794900B50F1E /* instant_newsUITests */ = {
			isa = PBXGroup;
			children = (
				6BC0219E29239C96005780AF /* NewsPageUITest.swift */,
				6BC021A02923A32C005780AF /* ArticleDetailsPageUITest.swift */,
			);
			path = instant_newsUITests;
			sourceTree = "<group>";
		};
		6BEFB2D7291D7C2800B50F1E /* Api */ = {
			isa = PBXGroup;
			children = (
				F3D89DA6BDC03366EE439128 /* ArticlesRestApi.swift */,
				F3D896EFF2887C5B77AC753E /* Config.swift */,
				F3D89AF8BF3F7F47DF9F2B5B /* ArticlesRestApiInterface.swift */,
			);
			path = Api;
			sourceTree = "<group>";
		};
		6BEFB2D9291D7C9C00B50F1E /* Views */ = {
			isa = PBXGroup;
			children = (
				F3D8913B0479B078C6460EEF /* NewsPage */,
				F3D896418683D397CDC4B49B /* Commons */,
				F3D898BB470569A4B504C18F /* ArticleDetailPage */,
			);
			path = Views;
			sourceTree = "<group>";
		};
		6BEFB2DA291D7CC500B50F1E /* Models */ = {
			isa = PBXGroup;
			children = (
				F3D89A570EF7942459274302 /* Source.swift */,
				F3D890EB18A0CE1A9F737A1A /* SortBy.swift */,
				F3D89C8AC4D64C705BC6D16C /* Result.swift */,
				F3D895AB8257769445D194EC /* Article.swift */,
			);
			path = Models;
			sourceTree = "<group>";
		};
		F3D8913B0479B078C6460EEF /* NewsPage */ = {
			isa = PBXGroup;
			children = (
				F3D89269F97529691800201E /* NewsPageController.swift */,
				F3D89B7456E352C9D5751FAF /* Components */,
			);
			path = NewsPage;
			sourceTree = "<group>";
		};
		F3D891ECA1222DA089EB467D /* Mocks */ = {
			isa = PBXGroup;
			children = (
				F3D89B3FC15904F69D6BC9E0 /* ArticlesRestApiMock.swift */,
			);
			path = Mocks;
			sourceTree = "<group>";
		};
		F3D896418683D397CDC4B49B /* Commons */ = {
			isa = PBXGroup;
			children = (
				F3D8970830FD3F6FA3F50946 /* ImageExtension.swift */,
			);
			path = Commons;
			sourceTree = "<group>";
		};
		F3D898BB470569A4B504C18F /* ArticleDetailPage */ = {
			isa = PBXGroup;
			children = (
				F3D89119C77B2CABDF1859B1 /* ArticleDetailPageController.swift */,
			);
			path = ArticleDetailPage;
			sourceTree = "<group>";
		};
		F3D89B7456E352C9D5751FAF /* Components */ = {
			isa = PBXGroup;
			children = (
				F3D89F54D29AC4005AA790B8 /* ArticlesList */,
				F3D89142C07513D09FAC81CC /* ArticleTile.swift */,
				F3D8972B19004314D39C633C /* SortByModal.swift */,
			);
			path = Components;
			sourceTree = "<group>";
		};
		F3D89BF834EEA784833AF3AA /* ViewModels */ = {
			isa = PBXGroup;
			children = (
				F3D89081C03E55D8DB743D8A /* ArticlesListViewModel.swift */,
			);
			path = ViewModels;
			sourceTree = "<group>";
		};
		F3D89F54D29AC4005AA790B8 /* ArticlesList */ = {
			isa = PBXGroup;
			children = (
				F3D89622C12B75728DEC4E85 /* ArticlesListDataSource.swift */,
				F3D89ADEA9C94676DC178711 /* ArticlesListDelegate.swift */,
			);
			path = ArticlesList;
			sourceTree = "<group>";
		};
/* End PBXGroup section */

/* Begin PBXNativeTarget section */
		6BEFB2A3291D794800B50F1E /* instant_news */ = {
			isa = PBXNativeTarget;
			buildConfigurationList = 6BEFB2CE291D794900B50F1E /* Build configuration list for PBXNativeTarget "instant_news" */;
			buildPhases = (
				6BEFB2A0291D794800B50F1E /* Sources */,
				6BEFB2A1291D794800B50F1E /* Frameworks */,
				6BEFB2A2291D794800B50F1E /* Resources */,
			);
			buildRules = (
			);
			dependencies = (
			);
			name = instant_news;
			packageProductDependencies = (
			);
			productName = instant_news;
			productReference = 6BEFB2A4291D794800B50F1E /* instant_news.app */;
			productType = "com.apple.product-type.application";
		};
		6BEFB2B9291D794900B50F1E /* instant_newsTests */ = {
			isa = PBXNativeTarget;
			buildConfigurationList = 6BEFB2D1291D794900B50F1E /* Build configuration list for PBXNativeTarget "instant_newsTests" */;
			buildPhases = (
				6BEFB2B6291D794900B50F1E /* Sources */,
				6BEFB2B7291D794900B50F1E /* Frameworks */,
				6BEFB2B8291D794900B50F1E /* Resources */,
			);
			buildRules = (
			);
			dependencies = (
				6BEFB2BC291D794900B50F1E /* PBXTargetDependency */,
			);
			name = instant_newsTests;
			productName = instant_newsTests;
			productReference = 6BEFB2BA291D794900B50F1E /* instant_newsTests.xctest */;
			productType = "com.apple.product-type.bundle.unit-test";
		};
		6BEFB2C3291D794900B50F1E /* instant_newsUITests */ = {
			isa = PBXNativeTarget;
			buildConfigurationList = 6BEFB2D4291D794900B50F1E /* Build configuration list for PBXNativeTarget "instant_newsUITests" */;
			buildPhases = (
				6BEFB2C0291D794900B50F1E /* Sources */,
				6BEFB2C1291D794900B50F1E /* Frameworks */,
				6BEFB2C2291D794900B50F1E /* Resources */,
			);
			buildRules = (
			);
			dependencies = (
				6BEFB2C6291D794900B50F1E /* PBXTargetDependency */,
			);
			name = instant_newsUITests;
			productName = instant_newsUITests;
			productReference = 6BEFB2C4291D794900B50F1E /* instant_newsUITests.xctest */;
			productType = "com.apple.product-type.bundle.ui-testing";
		};
/* End PBXNativeTarget section */

/* Begin PBXProject section */
		6BEFB29C291D794800B50F1E /* Project object */ = {
			isa = PBXProject;
			attributes = {
				BuildIndependentTargetsInParallel = 1;
				LastSwiftUpdateCheck = 1410;
				LastUpgradeCheck = 1410;
				TargetAttributes = {
					6BEFB2A3291D794800B50F1E = {
						CreatedOnToolsVersion = 14.1;
					};
					6BEFB2B9291D794900B50F1E = {
						CreatedOnToolsVersion = 14.1;
						TestTargetID = 6BEFB2A3291D794800B50F1E;
					};
					6BEFB2C3291D794900B50F1E = {
						CreatedOnToolsVersion = 14.1;
						TestTargetID = 6BEFB2A3291D794800B50F1E;
					};
				};
			};
			buildConfigurationList = 6BEFB29F291D794800B50F1E /* Build configuration list for PBXProject "instant_news" */;
			compatibilityVersion = "Xcode 14.0";
			developmentRegion = en;
			hasScannedForEncodings = 0;
			knownRegions = (
				en,
				Base,
			);
			mainGroup = 6BEFB29B291D794800B50F1E;
			packageReferences = (
			);
			productRefGroup = 6BEFB2A5291D794800B50F1E /* Products */;
			projectDirPath = "";
			projectRoot = "";
			targets = (
				6BEFB2A3291D794800B50F1E /* instant_news */,
				6BEFB2B9291D794900B50F1E /* instant_newsTests */,
				6BEFB2C3291D794900B50F1E /* instant_newsUITests */,
			);
		};
/* End PBXProject section */

/* Begin PBXResourcesBuildPhase section */
		6BEFB2A2291D794800B50F1E /* Resources */ = {
			isa = PBXResourcesBuildPhase;
			buildActionMask = 2147483647;
			files = (
				6BEFB2B4291D794900B50F1E /* LaunchScreen.storyboard in Resources */,
				6BEFB2B1291D794900B50F1E /* Assets.xcassets in Resources */,
			);
			runOnlyForDeploymentPostprocessing = 0;
		};
		6BEFB2B8291D794900B50F1E /* Resources */ = {
			isa = PBXResourcesBuildPhase;
			buildActionMask = 2147483647;
			files = (
			);
			runOnlyForDeploymentPostprocessing = 0;
		};
		6BEFB2C2291D794900B50F1E /* Resources */ = {
			isa = PBXResourcesBuildPhase;
			buildActionMask = 2147483647;
			files = (
			);
			runOnlyForDeploymentPostprocessing = 0;
		};
/* End PBXResourcesBuildPhase section */

/* Begin PBXSourcesBuildPhase section */
		6BEFB2A0291D794800B50F1E /* Sources */ = {
			isa = PBXSourcesBuildPhase;
			buildActionMask = 2147483647;
			files = (
				6BEFB2A8291D794800B50F1E /* AppDelegate.swift in Sources */,
				6BEFB2AA291D794800B50F1E /* SceneDelegate.swift in Sources */,
				F3D892C16C24DA0B352FBFFE /* Source.swift in Sources */,
				F3D8919C9F282CAF622C5C25 /* SortBy.swift in Sources */,
				F3D897644C46CD2A7835AD60 /* ArticlesRestApi.swift in Sources */,
				F3D8947F36C1F62DB2F13747 /* NewsPageController.swift in Sources */,
				F3D89399983CC0C7BDFB298C /* Result.swift in Sources */,
				F3D89A2438C603F7B0787D57 /* ArticlesListDataSource.swift in Sources */,
				F3D896D124468E3157D10A2E /* ArticlesListDelegate.swift in Sources */,
				F3D8989EC45E120AB9C7C59E /* ArticlesListViewModel.swift in Sources */,
				F3D89A192A5FE04368FDA014 /* Article.swift in Sources */,
				F3D89CFD44678DFCFE87A422 /* ArticleDetailPageController.swift in Sources */,
				F3D8924748DBB3C47177ECBD /* Config.swift in Sources */,
				F3D89934D8E63F1EA6E1F2AB /* ArticleTile.swift in Sources */,
				F3D89724BBB246EDFC2284DC /* SortByModal.swift in Sources */,
				F3D895F4874C4ACB4AC912D3 /* ImageExtension.swift in Sources */,
				F3D898C63BA137AF3A350039 /* ArticlesRestApiInterface.swift in Sources */,
				F3D898EB88DD32BB9EE67177 /* ArticlesRestApiMock.swift in Sources */,
			);
			runOnlyForDeploymentPostprocessing = 0;
		};
		6BEFB2B6291D794900B50F1E /* Sources */ = {
			isa = PBXSourcesBuildPhase;
			buildActionMask = 2147483647;
			files = (
				6BC0219D29210B6A005780AF /* ArticleTest.swift in Sources */,
				F3D89FB5A97713154CE33EF1 /* Source.swift in Sources */,
				F3D8928DC34FCA16C558CA92 /* SortBy.swift in Sources */,
				F3D894E204B8B8FF34CC6661 /* ArticlesRestApi.swift in Sources */,
				F3D8943AF48136198E21F4F3 /* NewsPageController.swift in Sources */,
				F3D898C0895659815ABC66BC /* Result.swift in Sources */,
				F3D89C62E7F45C70F0B8AC6D /* ArticlesListDataSource.swift in Sources */,
				F3D8919E41E78EEF5183315C /* ArticlesListDelegate.swift in Sources */,
				F3D8975EF13B5766DDB8585D /* ArticlesListViewModel.swift in Sources */,
				F3D89D0E45042D709368CD8F /* Article.swift in Sources */,
				F3D898EDF7C6CBFD4B1A3036 /* ArticleDetailPageController.swift in Sources */,
				F3D89959A2AA2FCF73CBEF7E /* Config.swift in Sources */,
				F3D8990BA54D715774AB5D9C /* ArticleTile.swift in Sources */,
				F3D89AD72905EC3E0C4A62DC /* SortByModal.swift in Sources */,
				F3D892BE9A85D13F1199C7D7 /* ImageExtension.swift in Sources */,
				F3D89EEFBB890FDE594C2468 /* ArticlesRestApiInterface.swift in Sources */,
				F3D892FCE0C58430CD33B5FC /* ArticlesRestApiMock.swift in Sources */,
				F3D898D38CC16BFF75479DEB /* ArticlesListViewModelTest.swift in Sources */,
			);
			runOnlyForDeploymentPostprocessing = 0;
		};
		6BEFB2C0291D794900B50F1E /* Sources */ = {
			isa = PBXSourcesBuildPhase;
			buildActionMask = 2147483647;
			files = (
				F3D8931A9D1E92EBE8C79A17 /* Source.swift in Sources */,
				F3D897CFE847401A60D05611 /* SortBy.swift in Sources */,
				6BC0219F29239C96005780AF /* NewsPageUITest.swift in Sources */,
				F3D89A85A3F6B1DAB32ADADB /* ArticlesRestApi.swift in Sources */,
				F3D89A51F3EBED8CBA60B017 /* NewsPageController.swift in Sources */,
				F3D89F79B31A775EE1053D76 /* Result.swift in Sources */,
				F3D89A92695CB5685D399DA0 /* ArticlesListDataSource.swift in Sources */,
				F3D893DF4D9363771141947A /* ArticlesListDelegate.swift in Sources */,
				F3D89B81C57F0723951D66DA /* ArticlesListViewModel.swift in Sources */,
				F3D89A590999F602B8F4BBE5 /* Article.swift in Sources */,
				F3D89DBF48452CEF5E9C7C11 /* ArticleDetailPageController.swift in Sources */,
				F3D89F38F29BC36637A95713 /* Config.swift in Sources */,
				F3D89C8C3DF8EA0EBB208B69 /* ArticleTile.swift in Sources */,
				F3D89CDEF4B359D736A0772B /* SortByModal.swift in Sources */,
				6BC021A12923A32C005780AF /* ArticleDetailsPageUITest.swift in Sources */,
				F3D8940B63E565B64F1EB6FE /* ImageExtension.swift in Sources */,
				F3D897229B332CC56B185038 /* ArticlesRestApiInterface.swift in Sources */,
				F3D890F67C1D814F1B4ED550 /* ArticlesRestApiMock.swift in Sources */,
			);
			runOnlyForDeploymentPostprocessing = 0;
		};
/* End PBXSourcesBuildPhase section */

/* Begin PBXTargetDependency section */
		6BEFB2BC291D794900B50F1E /* PBXTargetDependency */ = {
			isa = PBXTargetDependency;
			target = 6BEFB2A3291D794800B50F1E /* instant_news */;
			targetProxy = 6BEFB2BB291D794900B50F1E /* PBXContainerItemProxy */;
		};
		6BEFB2C6291D794900B50F1E /* PBXTargetDependency */ = {
			isa = PBXTargetDependency;
			target = 6BEFB2A3291D794800B50F1E /* instant_news */;
			targetProxy = 6BEFB2C5291D794900B50F1E /* PBXContainerItemProxy */;
		};
/* End PBXTargetDependency section */

/* Begin PBXVariantGroup section */
		6BEFB2B2291D794900B50F1E /* LaunchScreen.storyboard */ = {
			isa = PBXVariantGroup;
			children = (
				6BEFB2B3291D794900B50F1E /* Base */,
			);
			name = LaunchScreen.storyboard;
			sourceTree = "<group>";
		};
/* End PBXVariantGroup section */

/* Begin XCBuildConfiguration section */
		6BEFB2CC291D794900B50F1E /* Debug */ = {
			isa = XCBuildConfiguration;
			buildSettings = {
				ALWAYS_SEARCH_USER_PATHS = NO;
				CLANG_ANALYZER_NONNULL = YES;
				CLANG_ANALYZER_NUMBER_OBJECT_CONVERSION = YES_AGGRESSIVE;
				CLANG_CXX_LANGUAGE_STANDARD = "gnu++20";
				CLANG_ENABLE_MODULES = YES;
				CLANG_ENABLE_OBJC_ARC = YES;
				CLANG_ENABLE_OBJC_WEAK = YES;
				CLANG_WARN_BLOCK_CAPTURE_AUTORELEASING = YES;
				CLANG_WARN_BOOL_CONVERSION = YES;
				CLANG_WARN_COMMA = YES;
				CLANG_WARN_CONSTANT_CONVERSION = YES;
				CLANG_WARN_DEPRECATED_OBJC_IMPLEMENTATIONS = YES;
				CLANG_WARN_DIRECT_OBJC_ISA_USAGE = YES_ERROR;
				CLANG_WARN_DOCUMENTATION_COMMENTS = YES;
				CLANG_WARN_EMPTY_BODY = YES;
				CLANG_WARN_ENUM_CONVERSION = YES;
				CLANG_WARN_INFINITE_RECURSION = YES;
				CLANG_WARN_INT_CONVERSION = YES;
				CLANG_WARN_NON_LITERAL_NULL_CONVERSION = YES;
				CLANG_WARN_OBJC_IMPLICIT_RETAIN_SELF = YES;
				CLANG_WARN_OBJC_LITERAL_CONVERSION = YES;
				CLANG_WARN_OBJC_ROOT_CLASS = YES_ERROR;
				CLANG_WARN_QUOTED_INCLUDE_IN_FRAMEWORK_HEADER = YES;
				CLANG_WARN_RANGE_LOOP_ANALYSIS = YES;
				CLANG_WARN_STRICT_PROTOTYPES = YES;
				CLANG_WARN_SUSPICIOUS_MOVE = YES;
				CLANG_WARN_UNGUARDED_AVAILABILITY = YES_AGGRESSIVE;
				CLANG_WARN_UNREACHABLE_CODE = YES;
				CLANG_WARN__DUPLICATE_METHOD_MATCH = YES;
				COPY_PHASE_STRIP = NO;
				DEBUG_INFORMATION_FORMAT = dwarf;
				ENABLE_STRICT_OBJC_MSGSEND = YES;
				ENABLE_TESTABILITY = YES;
				GCC_C_LANGUAGE_STANDARD = gnu11;
				GCC_DYNAMIC_NO_PIC = NO;
				GCC_NO_COMMON_BLOCKS = YES;
				GCC_OPTIMIZATION_LEVEL = 0;
				GCC_PREPROCESSOR_DEFINITIONS = (
					"DEBUG=1",
					"$(inherited)",
				);
				GCC_WARN_64_TO_32_BIT_CONVERSION = YES;
				GCC_WARN_ABOUT_RETURN_TYPE = YES_ERROR;
				GCC_WARN_UNDECLARED_SELECTOR = YES;
				GCC_WARN_UNINITIALIZED_AUTOS = YES_AGGRESSIVE;
				GCC_WARN_UNUSED_FUNCTION = YES;
				GCC_WARN_UNUSED_VARIABLE = YES;
				IPHONEOS_DEPLOYMENT_TARGET = 16.1;
				MTL_ENABLE_DEBUG_INFO = INCLUDE_SOURCE;
				MTL_FAST_MATH = YES;
				ONLY_ACTIVE_ARCH = YES;
				SDKROOT = iphoneos;
				SWIFT_ACTIVE_COMPILATION_CONDITIONS = DEBUG;
				SWIFT_OPTIMIZATION_LEVEL = "-Onone";
			};
			name = Debug;
		};
		6BEFB2CD291D794900B50F1E /* Release */ = {
			isa = XCBuildConfiguration;
			buildSettings = {
				ALWAYS_SEARCH_USER_PATHS = NO;
				CLANG_ANALYZER_NONNULL = YES;
				CLANG_ANALYZER_NUMBER_OBJECT_CONVERSION = YES_AGGRESSIVE;
				CLANG_CXX_LANGUAGE_STANDARD = "gnu++20";
				CLANG_ENABLE_MODULES = YES;
				CLANG_ENABLE_OBJC_ARC = YES;
				CLANG_ENABLE_OBJC_WEAK = YES;
				CLANG_WARN_BLOCK_CAPTURE_AUTORELEASING = YES;
				CLANG_WARN_BOOL_CONVERSION = YES;
				CLANG_WARN_COMMA = YES;
				CLANG_WARN_CONSTANT_CONVERSION = YES;
				CLANG_WARN_DEPRECATED_OBJC_IMPLEMENTATIONS = YES;
				CLANG_WARN_DIRECT_OBJC_ISA_USAGE = YES_ERROR;
				CLANG_WARN_DOCUMENTATION_COMMENTS = YES;
				CLANG_WARN_EMPTY_BODY = YES;
				CLANG_WARN_ENUM_CONVERSION = YES;
				CLANG_WARN_INFINITE_RECURSION = YES;
				CLANG_WARN_INT_CONVERSION = YES;
				CLANG_WARN_NON_LITERAL_NULL_CONVERSION = YES;
				CLANG_WARN_OBJC_IMPLICIT_RETAIN_SELF = YES;
				CLANG_WARN_OBJC_LITERAL_CONVERSION = YES;
				CLANG_WARN_OBJC_ROOT_CLASS = YES_ERROR;
				CLANG_WARN_QUOTED_INCLUDE_IN_FRAMEWORK_HEADER = YES;
				CLANG_WARN_RANGE_LOOP_ANALYSIS = YES;
				CLANG_WARN_STRICT_PROTOTYPES = YES;
				CLANG_WARN_SUSPICIOUS_MOVE = YES;
				CLANG_WARN_UNGUARDED_AVAILABILITY = YES_AGGRESSIVE;
				CLANG_WARN_UNREACHABLE_CODE = YES;
				CLANG_WARN__DUPLICATE_METHOD_MATCH = YES;
				COPY_PHASE_STRIP = NO;
				DEBUG_INFORMATION_FORMAT = "dwarf-with-dsym";
				ENABLE_NS_ASSERTIONS = NO;
				ENABLE_STRICT_OBJC_MSGSEND = YES;
				GCC_C_LANGUAGE_STANDARD = gnu11;
				GCC_NO_COMMON_BLOCKS = YES;
				GCC_WARN_64_TO_32_BIT_CONVERSION = YES;
				GCC_WARN_ABOUT_RETURN_TYPE = YES_ERROR;
				GCC_WARN_UNDECLARED_SELECTOR = YES;
				GCC_WARN_UNINITIALIZED_AUTOS = YES_AGGRESSIVE;
				GCC_WARN_UNUSED_FUNCTION = YES;
				GCC_WARN_UNUSED_VARIABLE = YES;
				IPHONEOS_DEPLOYMENT_TARGET = 16.1;
				MTL_ENABLE_DEBUG_INFO = NO;
				MTL_FAST_MATH = YES;
				SDKROOT = iphoneos;
				SWIFT_COMPILATION_MODE = wholemodule;
				SWIFT_OPTIMIZATION_LEVEL = "-O";
				VALIDATE_PRODUCT = YES;
			};
			name = Release;
		};
		6BEFB2CF291D794900B50F1E /* Debug */ = {
			isa = XCBuildConfiguration;
			buildSettings = {
				ASSETCATALOG_COMPILER_APPICON_NAME = AppIcon;
				ASSETCATALOG_COMPILER_GLOBAL_ACCENT_COLOR_NAME = AccentColor;
				CODE_SIGN_STYLE = Automatic;
				CURRENT_PROJECT_VERSION = 1;
				DEVELOPMENT_TEAM = HR23ALW32W;
				GENERATE_INFOPLIST_FILE = YES;
				INFOPLIST_FILE = instant_news/Info.plist;
				INFOPLIST_KEY_CFBundleDisplayName = "Instant News";
				INFOPLIST_KEY_LSApplicationCategoryType = "public.app-category.news";
				INFOPLIST_KEY_UIApplicationSupportsIndirectInputEvents = YES;
				INFOPLIST_KEY_UILaunchStoryboardName = LaunchScreen;
				INFOPLIST_KEY_UIMainStoryboardFile = "";
				INFOPLIST_KEY_UISupportedInterfaceOrientations_iPad = "UIInterfaceOrientationPortrait UIInterfaceOrientationPortraitUpsideDown UIInterfaceOrientationLandscapeLeft UIInterfaceOrientationLandscapeRight";
				INFOPLIST_KEY_UISupportedInterfaceOrientations_iPhone = "UIInterfaceOrientationPortrait UIInterfaceOrientationLandscapeLeft UIInterfaceOrientationLandscapeRight";
				IPHONEOS_DEPLOYMENT_TARGET = 15.0;
				LD_RUNPATH_SEARCH_PATHS = (
					"$(inherited)",
					"@executable_path/Frameworks",
				);
				MARKETING_VERSION = 1.0;
				PRODUCT_BUNDLE_IDENTIFIER = "com.instant-system.instant-news";
				PRODUCT_NAME = "$(TARGET_NAME)";
				SUPPORTED_PLATFORMS = "iphoneos iphonesimulator";
				SUPPORTS_MACCATALYST = NO;
				SUPPORTS_MAC_DESIGNED_FOR_IPHONE_IPAD = NO;
				SWIFT_EMIT_LOC_STRINGS = YES;
				SWIFT_VERSION = 5.0;
				TARGETED_DEVICE_FAMILY = 1;
			};
			name = Debug;
		};
		6BEFB2D0291D794900B50F1E /* Release */ = {
			isa = XCBuildConfiguration;
			buildSettings = {
				ASSETCATALOG_COMPILER_APPICON_NAME = AppIcon;
				ASSETCATALOG_COMPILER_GLOBAL_ACCENT_COLOR_NAME = AccentColor;
				CODE_SIGN_STYLE = Automatic;
				CURRENT_PROJECT_VERSION = 1;
				DEVELOPMENT_TEAM = HR23ALW32W;
				GENERATE_INFOPLIST_FILE = YES;
				INFOPLIST_FILE = instant_news/Info.plist;
				INFOPLIST_KEY_CFBundleDisplayName = "Instant News";
				INFOPLIST_KEY_LSApplicationCategoryType = "public.app-category.news";
				INFOPLIST_KEY_UIApplicationSupportsIndirectInputEvents = YES;
				INFOPLIST_KEY_UILaunchStoryboardName = LaunchScreen;
				INFOPLIST_KEY_UIMainStoryboardFile = "";
				INFOPLIST_KEY_UISupportedInterfaceOrientations_iPad = "UIInterfaceOrientationPortrait UIInterfaceOrientationPortraitUpsideDown UIInterfaceOrientationLandscapeLeft UIInterfaceOrientationLandscapeRight";
				INFOPLIST_KEY_UISupportedInterfaceOrientations_iPhone = "UIInterfaceOrientationPortrait UIInterfaceOrientationLandscapeLeft UIInterfaceOrientationLandscapeRight";
				IPHONEOS_DEPLOYMENT_TARGET = 15.0;
				LD_RUNPATH_SEARCH_PATHS = (
					"$(inherited)",
					"@executable_path/Frameworks",
				);
				MARKETING_VERSION = 1.0;
				PRODUCT_BUNDLE_IDENTIFIER = "com.instant-system.instant-news";
				PRODUCT_NAME = "$(TARGET_NAME)";
				SUPPORTED_PLATFORMS = "iphoneos iphonesimulator";
				SUPPORTS_MACCATALYST = NO;
				SUPPORTS_MAC_DESIGNED_FOR_IPHONE_IPAD = NO;
				SWIFT_EMIT_LOC_STRINGS = YES;
				SWIFT_VERSION = 5.0;
				TARGETED_DEVICE_FAMILY = 1;
			};
			name = Release;
		};
		6BEFB2D2291D794900B50F1E /* Debug */ = {
			isa = XCBuildConfiguration;
			buildSettings = {
				ALWAYS_EMBED_SWIFT_STANDARD_LIBRARIES = YES;
				BUNDLE_LOADER = "$(TEST_HOST)";
				CODE_SIGN_STYLE = Automatic;
				CURRENT_PROJECT_VERSION = 1;
				DEVELOPMENT_TEAM = HR23ALW32W;
				GENERATE_INFOPLIST_FILE = YES;
				IPHONEOS_DEPLOYMENT_TARGET = 16.1;
				MARKETING_VERSION = 1.0;
				PRODUCT_BUNDLE_IDENTIFIER = "com.instant-system.instant-newsTests";
				PRODUCT_NAME = "$(TARGET_NAME)";
				SWIFT_EMIT_LOC_STRINGS = NO;
				SWIFT_VERSION = 5.0;
				TARGETED_DEVICE_FAMILY = "1,2";
				TEST_HOST = "$(BUILT_PRODUCTS_DIR)/instant_news.app/$(BUNDLE_EXECUTABLE_FOLDER_PATH)/instant_news";
			};
			name = Debug;
		};
		6BEFB2D3291D794900B50F1E /* Release */ = {
			isa = XCBuildConfiguration;
			buildSettings = {
				ALWAYS_EMBED_SWIFT_STANDARD_LIBRARIES = YES;
				BUNDLE_LOADER = "$(TEST_HOST)";
				CODE_SIGN_STYLE = Automatic;
				CURRENT_PROJECT_VERSION = 1;
				DEVELOPMENT_TEAM = HR23ALW32W;
				GENERATE_INFOPLIST_FILE = YES;
				IPHONEOS_DEPLOYMENT_TARGET = 16.1;
				MARKETING_VERSION = 1.0;
				PRODUCT_BUNDLE_IDENTIFIER = "com.instant-system.instant-newsTests";
				PRODUCT_NAME = "$(TARGET_NAME)";
				SWIFT_EMIT_LOC_STRINGS = NO;
				SWIFT_VERSION = 5.0;
				TARGETED_DEVICE_FAMILY = "1,2";
				TEST_HOST = "$(BUILT_PRODUCTS_DIR)/instant_news.app/$(BUNDLE_EXECUTABLE_FOLDER_PATH)/instant_news";
			};
			name = Release;
		};
		6BEFB2D5291D794900B50F1E /* Debug */ = {
			isa = XCBuildConfiguration;
			buildSettings = {
				ALWAYS_EMBED_SWIFT_STANDARD_LIBRARIES = YES;
				CODE_SIGN_STYLE = Automatic;
				CURRENT_PROJECT_VERSION = 1;
				DEVELOPMENT_TEAM = HR23ALW32W;
				GENERATE_INFOPLIST_FILE = YES;
				MARKETING_VERSION = 1.0;
				PRODUCT_BUNDLE_IDENTIFIER = "com.instant-system.instant-newsUITests";
				PRODUCT_NAME = "$(TARGET_NAME)";
				SWIFT_EMIT_LOC_STRINGS = NO;
				SWIFT_VERSION = 5.0;
				TARGETED_DEVICE_FAMILY = "1,2";
				TEST_TARGET_NAME = instant_news;
			};
			name = Debug;
		};
		6BEFB2D6291D794900B50F1E /* Release */ = {
			isa = XCBuildConfiguration;
			buildSettings = {
				ALWAYS_EMBED_SWIFT_STANDARD_LIBRARIES = YES;
				CODE_SIGN_STYLE = Automatic;
				CURRENT_PROJECT_VERSION = 1;
				DEVELOPMENT_TEAM = HR23ALW32W;
				GENERATE_INFOPLIST_FILE = YES;
				MARKETING_VERSION = 1.0;
				PRODUCT_BUNDLE_IDENTIFIER = "com.instant-system.instant-newsUITests";
				PRODUCT_NAME = "$(TARGET_NAME)";
				SWIFT_EMIT_LOC_STRINGS = NO;
				SWIFT_VERSION = 5.0;
				TARGETED_DEVICE_FAMILY = "1,2";
				TEST_TARGET_NAME = instant_news;
			};
			name = Release;
		};
/* End XCBuildConfiguration section */

/* Begin XCConfigurationList section */
		6BEFB29F291D794800B50F1E /* Build configuration list for PBXProject "instant_news" */ = {
			isa = XCConfigurationList;
			buildConfigurations = (
				6BEFB2CC291D794900B50F1E /* Debug */,
				6BEFB2CD291D794900B50F1E /* Release */,
			);
			defaultConfigurationIsVisible = 0;
			defaultConfigurationName = Release;
		};
		6BEFB2CE291D794900B50F1E /* Build configuration list for PBXNativeTarget "instant_news" */ = {
			isa = XCConfigurationList;
			buildConfigurations = (
				6BEFB2CF291D794900B50F1E /* Debug */,
				6BEFB2D0291D794900B50F1E /* Release */,
			);
			defaultConfigurationIsVisible = 0;
			defaultConfigurationName = Release;
		};
		6BEFB2D1291D794900B50F1E /* Build configuration list for PBXNativeTarget "instant_newsTests" */ = {
			isa = XCConfigurationList;
			buildConfigurations = (
				6BEFB2D2291D794900B50F1E /* Debug */,
				6BEFB2D3291D794900B50F1E /* Release */,
			);
			defaultConfigurationIsVisible = 0;
			defaultConfigurationName = Release;
		};
		6BEFB2D4291D794900B50F1E /* Build configuration list for PBXNativeTarget "instant_newsUITests" */ = {
			isa = XCConfigurationList;
			buildConfigurations = (
				6BEFB2D5291D794900B50F1E /* Debug */,
				6BEFB2D6291D794900B50F1E /* Release */,
			);
			defaultConfigurationIsVisible = 0;
			defaultConfigurationName = Release;
		};
/* End XCConfigurationList section */
	};
	rootObject = 6BEFB29C291D794800B50F1E /* Project object */;
}
